
Microsoft Visual Studio Solution File, Format Version 12.00
# Visual Studio 15
Project("{FAE04EC0-301F-11D3-BF4B-00C04F79EFBC}") = "Assembly-CSharp", "Assembly-CSharp.csproj", "{65D469A8-EC1F-7E39-BAE6-4413ECAACBB1}"
EndProject
Project("{FAE04EC0-301F-11D3-BF4B-00C04F79EFBC}") = "Root", "Root.csproj", "{78FE67F2-4FE8-20CE-60F3-B8AFEADE778C}"
EndProject
Project("{FAE04EC0-301F-11D3-BF4B-00C04F79EFBC}") = "Assembly-CSharp-Editor", "Assembly-CSharp-Editor.csproj", "{FF3C9811-6ED9-3048-39CC-E4D84CEB5AD0}"
EndProject
Project("{FAE04EC0-301F-11D3-BF4B-00C04F79EFBC}") = "Tests", "Tests.csproj", "{F8C3D8CD-8E52-ED4D-E141-9868DC12C984}"
EndProject
Global
	GlobalSection(SolutionConfigurationPlatforms) = preSolution
		Debug|Any CPU = Debug|Any CPU
		Release|Any CPU = Release|Any CPU
	EndGlobalSection
	GlobalSection(ProjectConfigurationPlatforms) = postSolution
		{65D469A8-EC1F-7E39-BAE6-4413ECAACBB1}.Debug|Any CPU.ActiveCfg = Debug|Any CPU
		{65D469A8-EC1F-7E39-BAE6-4413ECAACBB1}.Debug|Any CPU.Build.0 = Debug|Any CPU
		{65D469A8-EC1F-7E39-BAE6-4413ECAACBB1}.Release|Any CPU.ActiveCfg = Release|Any CPU
		{65D469A8-EC1F-7E39-BAE6-4413ECAACBB1}.Release|Any CPU.Build.0 = Release|Any CPU
		{78FE67F2-4FE8-20CE-60F3-B8AFEADE778C}.Debug|Any CPU.ActiveCfg = Debug|Any CPU
		{78FE67F2-4FE8-20CE-60F3-B8AFEADE778C}.Debug|Any CPU.Build.0 = Debug|Any CPU
		{78FE67F2-4FE8-20CE-60F3-B8AFEADE778C}.Release|Any CPU.ActiveCfg = Release|Any CPU
		{78FE67F2-4FE8-20CE-60F3-B8AFEADE778C}.Release|Any CPU.Build.0 = Release|Any CPU
		{FF3C9811-6ED9-3048-39CC-E4D84CEB5AD0}.Debug|Any CPU.ActiveCfg = Debug|Any CPU
		{FF3C9811-6ED9-3048-39CC-E4D84CEB5AD0}.Debug|Any CPU.Build.0 = Debug|Any CPU
		{FF3C9811-6ED9-3048-39CC-E4D84CEB5AD0}.Release|Any CPU.ActiveCfg = Release|Any CPU
		{FF3C9811-6ED9-3048-39CC-E4D84CEB5AD0}.Release|Any CPU.Build.0 = Release|Any CPU
		{F8C3D8CD-8E52-ED4D-E141-9868DC12C984}.Debug|Any CPU.ActiveCfg = Debug|Any CPU
		{F8C3D8CD-8E52-ED4D-E141-9868DC12C984}.Debug|Any CPU.Build.0 = Debug|Any CPU
		{F8C3D8CD-8E52-ED4D-E141-9868DC12C984}.Release|Any CPU.ActiveCfg = Release|Any CPU
		{F8C3D8CD-8E52-ED4D-E141-9868DC12C984}.Release|Any CPU.Build.0 = Release|Any CPU
	EndGlobalSection
	GlobalSection(SolutionProperties) = preSolution
		HideSolutionNode = FALSE
	EndGlobalSection
EndGlobal
